
Microsoft Visual Studio Solution File, Format Version 12.00
# Visual Studio 2013
VisualStudioVersion = 12.0.40629.0
MinimumVisualStudioVersion = 10.0.40219.1
Project("{8BC9CEB8-8B4A-11D0-8D11-00A0C91BC942}") = "camera", "libraries\camera\camera.vcxproj", "{1DFA6F10-741F-44BA-84D8-10D4F7E279E4}"
EndProject
Project("{8BC9CEB8-8B4A-11D0-8D11-00A0C91BC942}") = "insertRows", "libraries\insertRows\insertRows.vcxproj", "{126DC2FA-921C-449C-AEB6-A83E8E0068E5}"
EndProject
Project("{8BC9CEB8-8B4A-11D0-8D11-00A0C91BC942}") = "integrator", "libraries\integrator\integrator.vcxproj", "{F6D68D61-0F43-4D5C-A538-A5FFD027DD32}"
EndProject
Project("{8BC9CEB8-8B4A-11D0-8D11-00A0C91BC942}") = "openGLHelper", "libraries\openGLHelper\openGLHelper.vcxproj", "{A3B9B483-9FC8-42F9-8F4B-45D7FE237F64}"
	ProjectSection(ProjectDependencies) = postProject
		{3BDF1259-415F-465B-AC95-028A26032397} = {3BDF1259-415F-465B-AC95-028A26032397}
		{45BA6ACA-7721-4EA2-A332-7F274F9DFF75} = {45BA6ACA-7721-4EA2-A332-7F274F9DFF75}
	EndProjectSection
EndProject
Project("{8BC9CEB8-8B4A-11D0-8D11-00A0C91BC942}") = "performanceCounter", "libraries\performanceCounter\performanceCounter.vcxproj", "{B270E83A-0ACD-44EA-9100-B17BE2D1F71D}"
EndProject
Project("{8BC9CEB8-8B4A-11D0-8D11-00A0C91BC942}") = "clothBW", "libraries\clothBW\clothBW.vcxproj", "{2041A3DC-ECAA-40A6-A7D7-D4FE8C29E897}"
	ProjectSection(ProjectDependencies) = postProject
		{D7517C03-27F1-4441-9A2F-A70D6524EA87} = {D7517C03-27F1-4441-9A2F-A70D6524EA87}
		{8F2ACB24-613C-419D-9A89-CD67ED62AA49} = {8F2ACB24-613C-419D-9A89-CD67ED62AA49}
		{BCC3368D-2DD7-4247-A224-EEB6F7D6BDA9} = {BCC3368D-2DD7-4247-A224-EEB6F7D6BDA9}
	EndProjectSection
EndProject
Project("{8BC9CEB8-8B4A-11D0-8D11-00A0C91BC942}") = "configFile", "libraries\configFile\configFile.vcxproj", "{C0936C56-B785-4CEC-BC21-CB0DF441A2E2}"
	ProjectSection(ProjectDependencies) = postProject
		{8F2ACB24-613C-419D-9A89-CD67ED62AA49} = {8F2ACB24-613C-419D-9A89-CD67ED62AA49}
	EndProjectSection
EndProject
Project("{8BC9CEB8-8B4A-11D0-8D11-00A0C91BC942}") = "getopts", "libraries\getopts\getopts.vcxproj", "{19069C53-1F89-4C9A-928B-EC0E201D4C61}"
EndProject
Project("{8BC9CEB8-8B4A-11D0-8D11-00A0C91BC942}") = "graph", "libraries\graph\graph.vcxproj", "{7F96CB58-E393-4752-953C-EE1671318C5C}"
	ProjectSection(ProjectDependencies) = postProject
		{BCC3368D-2DD7-4247-A224-EEB6F7D6BDA9} = {BCC3368D-2DD7-4247-A224-EEB6F7D6BDA9}
		{45BA6ACA-7721-4EA2-A332-7F274F9DFF75} = {45BA6ACA-7721-4EA2-A332-7F274F9DFF75}
	EndProjectSection
EndProject
Project("{8BC9CEB8-8B4A-11D0-8D11-00A0C91BC942}") = "isotropicHyperelasticFEM", "libraries\isotropicHyperelasticFEM\invertibleElements.vcxproj", "{82E2E86D-E877-4FBF-A18E-52BE4A5265F0}"
	ProjectSection(ProjectDependencies) = postProject
		{0C055A19-15A2-4317-A3CA-4DFC091610F1} = {0C055A19-15A2-4317-A3CA-4DFC091610F1}
		{8F2ACB24-613C-419D-9A89-CD67ED62AA49} = {8F2ACB24-613C-419D-9A89-CD67ED62AA49}
		{BCC3368D-2DD7-4247-A224-EEB6F7D6BDA9} = {BCC3368D-2DD7-4247-A224-EEB6F7D6BDA9}
	EndProjectSection
EndProject
Project("{8BC9CEB8-8B4A-11D0-8D11-00A0C91BC942}") = "lighting", "libraries\lighting\lighting.vcxproj", "{E3C6392E-9633-4187-8604-E1BAD49FE803}"
	ProjectSection(ProjectDependencies) = postProject
		{C0936C56-B785-4CEC-BC21-CB0DF441A2E2} = {C0936C56-B785-4CEC-BC21-CB0DF441A2E2}
	EndProjectSection
EndProject
Project("{8BC9CEB8-8B4A-11D0-8D11-00A0C91BC942}") = "loadList", "libraries\loadList\loadList.vcxproj", "{63CB1521-8C47-4D6A-A694-BCF1EDB5E2A8}"
EndProject
Project("{8BC9CEB8-8B4A-11D0-8D11-00A0C91BC942}") = "minivector", "libraries\minivector\minivector.vcxproj", "{8F2ACB24-613C-419D-9A89-CD67ED62AA49}"
EndProject
Project("{8BC9CEB8-8B4A-11D0-8D11-00A0C91BC942}") = "sceneObject", "libraries\sceneObject\sceneObject.vcxproj", "{CF681B7E-31FD-484A-BCC5-6AC2BF40BB5D}"
	ProjectSection(ProjectDependencies) = postProject
		{D7517C03-27F1-4441-9A2F-A70D6524EA87} = {D7517C03-27F1-4441-9A2F-A70D6524EA87}
		{8F2ACB24-613C-419D-9A89-CD67ED62AA49} = {8F2ACB24-613C-419D-9A89-CD67ED62AA49}
		{E3C6392E-9633-4187-8604-E1BAD49FE803} = {E3C6392E-9633-4187-8604-E1BAD49FE803}
	EndProjectSection
EndProject
Project("{8BC9CEB8-8B4A-11D0-8D11-00A0C91BC942}") = "sparseMatrix", "libraries\sparseMatrix\sparseMatrix.vcxproj", "{BCC3368D-2DD7-4247-A224-EEB6F7D6BDA9}"
EndProject
Project("{8BC9CEB8-8B4A-11D0-8D11-00A0C91BC942}") = "volumetricMesh", "libraries\volumetricMesh\volumetricMesh.vcxproj", "{0C055A19-15A2-4317-A3CA-4DFC091610F1}"
	ProjectSection(ProjectDependencies) = postProject
		{D7517C03-27F1-4441-9A2F-A70D6524EA87} = {D7517C03-27F1-4441-9A2F-A70D6524EA87}
		{8F2ACB24-613C-419D-9A89-CD67ED62AA49} = {8F2ACB24-613C-419D-9A89-CD67ED62AA49}
		{7F96CB58-E393-4752-953C-EE1671318C5C} = {7F96CB58-E393-4752-953C-EE1671318C5C}
		{BCC3368D-2DD7-4247-A224-EEB6F7D6BDA9} = {BCC3368D-2DD7-4247-A224-EEB6F7D6BDA9}
		{45BA6ACA-7721-4EA2-A332-7F274F9DFF75} = {45BA6ACA-7721-4EA2-A332-7F274F9DFF75}
	EndProjectSection
EndProject
Project("{8BC9CEB8-8B4A-11D0-8D11-00A0C91BC942}") = "corotationalLinearFEM", "libraries\corotationalLinearFEM\corotationalLinearFEM.vcxproj", "{F5ACF4B5-1BCE-4833-9CB0-66B94515CBB9}"
	ProjectSection(ProjectDependencies) = postProject
		{0C055A19-15A2-4317-A3CA-4DFC091610F1} = {0C055A19-15A2-4317-A3CA-4DFC091610F1}
		{71DCB754-088D-4AC7-8E17-06EDA843613A} = {71DCB754-088D-4AC7-8E17-06EDA843613A}
		{BCC3368D-2DD7-4247-A224-EEB6F7D6BDA9} = {BCC3368D-2DD7-4247-A224-EEB6F7D6BDA9}
	EndProjectSection
EndProject
Project("{8BC9CEB8-8B4A-11D0-8D11-00A0C91BC942}") = "elasticForceModel", "libraries\elasticForceModel\elasticForceModel.vcxproj", "{5B100D7D-6E22-45AE-9DAD-B4999EEAA7C9}"
	ProjectSection(ProjectDependencies) = postProject
		{82E2E86D-E877-4FBF-A18E-52BE4A5265F0} = {82E2E86D-E877-4FBF-A18E-52BE4A5265F0}
		{6873D38F-D769-4DFE-BD3D-04CA4965288F} = {6873D38F-D769-4DFE-BD3D-04CA4965288F}
		{05D6FFA0-5716-49A4-B35E-12954C7EB456} = {05D6FFA0-5716-49A4-B35E-12954C7EB456}
		{F5ACF4B5-1BCE-4833-9CB0-66B94515CBB9} = {F5ACF4B5-1BCE-4833-9CB0-66B94515CBB9}
		{AB2B77CC-778D-4A41-80DE-4889572839D9} = {AB2B77CC-778D-4A41-80DE-4889572839D9}
		{2041A3DC-ECAA-40A6-A7D7-D4FE8C29E897} = {2041A3DC-ECAA-40A6-A7D7-D4FE8C29E897}
	EndProjectSection
EndProject
Project("{8BC9CEB8-8B4A-11D0-8D11-00A0C91BC942}") = "forceModel", "libraries\forceModel\forceModel.vcxproj", "{05D6FFA0-5716-49A4-B35E-12954C7EB456}"
	ProjectSection(ProjectDependencies) = postProject
		{BCC3368D-2DD7-4247-A224-EEB6F7D6BDA9} = {BCC3368D-2DD7-4247-A224-EEB6F7D6BDA9}
	EndProjectSection
EndProject
Project("{8BC9CEB8-8B4A-11D0-8D11-00A0C91BC942}") = "glslPhong", "libraries\glslPhong\glslPhong.vcxproj", "{C9D37F32-C048-439E-B35A-E4486663B4CA}"
EndProject
Project("{8BC9CEB8-8B4A-11D0-8D11-00A0C91BC942}") = "hashTable", "libraries\hashTable\hashTable.vcxproj", "{22DFA817-254D-4265-9D10-2793016489A5}"
EndProject
Project("{8BC9CEB8-8B4A-11D0-8D11-00A0C91BC942}") = "imageIO", "libraries\imageIO\imageIO.vcxproj", "{3BDF1259-415F-465B-AC95-028A26032397}"
EndProject
Project("{8BC9CEB8-8B4A-11D0-8D11-00A0C91BC942}") = "integratorSparse", "libraries\integratorSparse\integratorSparse.vcxproj", "{E322BD0F-DC71-462F-824E-B7A605F227A4}"
	ProjectSection(ProjectDependencies) = postProject
		{B270E83A-0ACD-44EA-9100-B17BE2D1F71D} = {B270E83A-0ACD-44EA-9100-B17BE2D1F71D}
		{F6D68D61-0F43-4D5C-A538-A5FFD027DD32} = {F6D68D61-0F43-4D5C-A538-A5FFD027DD32}
		{05D6FFA0-5716-49A4-B35E-12954C7EB456} = {05D6FFA0-5716-49A4-B35E-12954C7EB456}
		{FE8BBFDA-E618-4932-91B5-337B716814D7} = {FE8BBFDA-E618-4932-91B5-337B716814D7}
		{126DC2FA-921C-449C-AEB6-A83E8E0068E5} = {126DC2FA-921C-449C-AEB6-A83E8E0068E5}
	EndProjectSection
EndProject
Project("{8BC9CEB8-8B4A-11D0-8D11-00A0C91BC942}") = "massSpringSystem", "libraries\massSpringSystem\massSpringSystem.vcxproj", "{AB2B77CC-778D-4A41-80DE-4889572839D9}"
	ProjectSection(ProjectDependencies) = postProject
		{D7517C03-27F1-4441-9A2F-A70D6524EA87} = {D7517C03-27F1-4441-9A2F-A70D6524EA87}
		{0C055A19-15A2-4317-A3CA-4DFC091610F1} = {0C055A19-15A2-4317-A3CA-4DFC091610F1}
		{C0936C56-B785-4CEC-BC21-CB0DF441A2E2} = {C0936C56-B785-4CEC-BC21-CB0DF441A2E2}
		{BCC3368D-2DD7-4247-A224-EEB6F7D6BDA9} = {BCC3368D-2DD7-4247-A224-EEB6F7D6BDA9}
	EndProjectSection
EndProject
Project("{8BC9CEB8-8B4A-11D0-8D11-00A0C91BC942}") = "matrixIO", "libraries\matrixIO\matrixIO.vcxproj", "{45BA6ACA-7721-4EA2-A332-7F274F9DFF75}"
EndProject
Project("{8BC9CEB8-8B4A-11D0-8D11-00A0C91BC942}") = "objMesh", "libraries\objMesh\objMesh.vcxproj", "{D7517C03-27F1-4441-9A2F-A70D6524EA87}"
	ProjectSection(ProjectDependencies) = postProject
		{8F2ACB24-613C-419D-9A89-CD67ED62AA49} = {8F2ACB24-613C-419D-9A89-CD67ED62AA49}
		{7F96CB58-E393-4752-953C-EE1671318C5C} = {7F96CB58-E393-4752-953C-EE1671318C5C}
		{3BDF1259-415F-465B-AC95-028A26032397} = {3BDF1259-415F-465B-AC95-028A26032397}
		{45BA6ACA-7721-4EA2-A332-7F274F9DFF75} = {45BA6ACA-7721-4EA2-A332-7F274F9DFF75}
	EndProjectSection
EndProject
Project("{8BC9CEB8-8B4A-11D0-8D11-00A0C91BC942}") = "polarDecomposition", "libraries\polarDecomposition\polarDecomposition.vcxproj", "{71DCB754-088D-4AC7-8E17-06EDA843613A}"
	ProjectSection(ProjectDependencies) = postProject
		{8F2ACB24-613C-419D-9A89-CD67ED62AA49} = {8F2ACB24-613C-419D-9A89-CD67ED62AA49}
	EndProjectSection
EndProject
Project("{8BC9CEB8-8B4A-11D0-8D11-00A0C91BC942}") = "quaternion", "libraries\quaternion\quaternion.vcxproj", "{BD6E90E8-6E77-4FC5-8F14-2D3FD5F04F09}"
EndProject
Project("{8BC9CEB8-8B4A-11D0-8D11-00A0C91BC942}") = "renderVolumetricMesh", "libraries\renderVolumetricMesh\renderVolumetricMesh.vcxproj", "{1A38F873-F261-4ADC-B626-E68A3C45CC14}"
	ProjectSection(ProjectDependencies) = postProject
		{0C055A19-15A2-4317-A3CA-4DFC091610F1} = {0C055A19-15A2-4317-A3CA-4DFC091610F1}
		{A3B9B483-9FC8-42F9-8F4B-45D7FE237F64} = {A3B9B483-9FC8-42F9-8F4B-45D7FE237F64}
	EndProjectSection
EndProject
Project("{8BC9CEB8-8B4A-11D0-8D11-00A0C91BC942}") = "rigidBodyDynamics", "libraries\rigidBodyDynamics\rigidBodyDynamics.vcxproj", "{438CF6D5-2C72-4989-B587-E8A3F4A671D6}"
	ProjectSection(ProjectDependencies) = postProject
		{BD6E90E8-6E77-4FC5-8F14-2D3FD5F04F09} = {BD6E90E8-6E77-4FC5-8F14-2D3FD5F04F09}
	EndProjectSection
EndProject
Project("{8BC9CEB8-8B4A-11D0-8D11-00A0C91BC942}") = "sparseSolver", "libraries\sparseSolver\sparseSolver.vcxproj", "{FE8BBFDA-E618-4932-91B5-337B716814D7}"
	ProjectSection(ProjectDependencies) = postProject
		{BCC3368D-2DD7-4247-A224-EEB6F7D6BDA9} = {BCC3368D-2DD7-4247-A224-EEB6F7D6BDA9}
		{45BA6ACA-7721-4EA2-A332-7F274F9DFF75} = {45BA6ACA-7721-4EA2-A332-7F274F9DFF75}
	EndProjectSection
EndProject
Project("{8BC9CEB8-8B4A-11D0-8D11-00A0C91BC942}") = "stvk", "libraries\stvk\stvk.vcxproj", "{6873D38F-D769-4DFE-BD3D-04CA4965288F}"
	ProjectSection(ProjectDependencies) = postProject
		{0C055A19-15A2-4317-A3CA-4DFC091610F1} = {0C055A19-15A2-4317-A3CA-4DFC091610F1}
		{8F2ACB24-613C-419D-9A89-CD67ED62AA49} = {8F2ACB24-613C-419D-9A89-CD67ED62AA49}
		{BCC3368D-2DD7-4247-A224-EEB6F7D6BDA9} = {BCC3368D-2DD7-4247-A224-EEB6F7D6BDA9}
	EndProjectSection
EndProject
Project("{8BC9CEB8-8B4A-11D0-8D11-00A0C91BC942}") = "uniqueIntegerID", "libraries\uniqueIntegerID\uniqueIntegerID.vcxproj", "{E80B1A3C-E670-4304-A303-D40C1A08A588}"
EndProject
Project("{8BC9CEB8-8B4A-11D0-8D11-00A0C91BC942}") = "multicore", "libraries\multicore\multicore.vcxproj", "{9349D72D-90CA-47AE-B78C-536255FF5C43}"
EndProject
Project("{8BC9CEB8-8B4A-11D0-8D11-00A0C91BC942}") = "windingNumber", "libraries\windingNumber\windingNumber.vcxproj", "{DFA1F951-5AEF-4B46-A1D6-56E24FE7D0F9}"
	ProjectSection(ProjectDependencies) = postProject
		{D7517C03-27F1-4441-9A2F-A70D6524EA87} = {D7517C03-27F1-4441-9A2F-A70D6524EA87}
		{8F2ACB24-613C-419D-9A89-CD67ED62AA49} = {8F2ACB24-613C-419D-9A89-CD67ED62AA49}
	EndProjectSection
EndProject
Project("{2150E333-8FDC-42A3-9474-1A3956D46DE8}") = "utilities", "utilities", "{828AB043-5364-4162-A9DA-139A03A2B7D3}"
EndProject
Project("{8BC9CEB8-8B4A-11D0-8D11-00A0C91BC942}") = "displayObj", "utilities\displayObj\displayObj.vcxproj", "{F8EC50AB-CC34-4339-8906-C49E1E9D947E}"
EndProject
Project("{8BC9CEB8-8B4A-11D0-8D11-00A0C91BC942}") = "interactiveDeformableSimulator", "utilities\interactiveDeformableSimulator\interactiveDeformableSimulator.vcxproj", "{2E156479-F62D-4268-999A-72962BAC01FB}"
EndProject
Project("{2150E333-8FDC-42A3-9474-1A3956D46DE8}") = "libraries", "libraries", "{29FB9E21-B88C-4A7C-B00E-7F3958CF7EF9}"
EndProject
Project("{8BC9CEB8-8B4A-11D0-8D11-00A0C91BC942}") = "_glui library", "libraries\glui\glui-2.35\src\msvc\glui.vcxproj", "{304505FF-4A2A-471E-B163-17446985C98E}"
EndProject
Project("{8BC9CEB8-8B4A-11D0-8D11-00A0C91BC942}") = "wildMagic", "libraries\wildMagic\wildMagic.vcxproj", "{5DBDC376-1467-49F0-AD1E-5DED10DD49A3}"
	ProjectSection(ProjectDependencies) = postProject
		{8F2ACB24-613C-419D-9A89-CD67ED62AA49} = {8F2ACB24-613C-419D-9A89-CD67ED62AA49}
	EndProjectSection
EndProject
Project("{8BC9CEB8-8B4A-11D0-8D11-00A0C91BC942}") = "vegaLibraries", "libraries\vegaLibraries.vcxproj", "{B10DDF0C-D4CA-4533-9D6C-B9476DE956BF}"
	ProjectSection(ProjectDependencies) = postProject
		{D7517C03-27F1-4441-9A2F-A70D6524EA87} = {D7517C03-27F1-4441-9A2F-A70D6524EA87}
		{E322BD0F-DC71-462F-824E-B7A605F227A4} = {E322BD0F-DC71-462F-824E-B7A605F227A4}
		{1DFA6F10-741F-44BA-84D8-10D4F7E279E4} = {1DFA6F10-741F-44BA-84D8-10D4F7E279E4}
		{22DFA817-254D-4265-9D10-2793016489A5} = {22DFA817-254D-4265-9D10-2793016489A5}
		{0C055A19-15A2-4317-A3CA-4DFC091610F1} = {0C055A19-15A2-4317-A3CA-4DFC091610F1}
		{63CB1521-8C47-4D6A-A694-BCF1EDB5E2A8} = {63CB1521-8C47-4D6A-A694-BCF1EDB5E2A8}
		{8F2ACB24-613C-419D-9A89-CD67ED62AA49} = {8F2ACB24-613C-419D-9A89-CD67ED62AA49}
		{9349D72D-90CA-47AE-B78C-536255FF5C43} = {9349D72D-90CA-47AE-B78C-536255FF5C43}
		{E3C6392E-9633-4187-8604-E1BAD49FE803} = {E3C6392E-9633-4187-8604-E1BAD49FE803}
		{C9D37F32-C048-439E-B35A-E4486663B4CA} = {C9D37F32-C048-439E-B35A-E4486663B4CA}
		{B270E83A-0ACD-44EA-9100-B17BE2D1F71D} = {B270E83A-0ACD-44EA-9100-B17BE2D1F71D}
		{E80B1A3C-E670-4304-A303-D40C1A08A588} = {E80B1A3C-E670-4304-A303-D40C1A08A588}
		{DFA1F951-5AEF-4B46-A1D6-56E24FE7D0F9} = {DFA1F951-5AEF-4B46-A1D6-56E24FE7D0F9}
		{19069C53-1F89-4C9A-928B-EC0E201D4C61} = {19069C53-1F89-4C9A-928B-EC0E201D4C61}
		{71DCB754-088D-4AC7-8E17-06EDA843613A} = {71DCB754-088D-4AC7-8E17-06EDA843613A}
		{C0936C56-B785-4CEC-BC21-CB0DF441A2E2} = {C0936C56-B785-4CEC-BC21-CB0DF441A2E2}
		{7F96CB58-E393-4752-953C-EE1671318C5C} = {7F96CB58-E393-4752-953C-EE1671318C5C}
		{3BDF1259-415F-465B-AC95-028A26032397} = {3BDF1259-415F-465B-AC95-028A26032397}
		{F6D68D61-0F43-4D5C-A538-A5FFD027DD32} = {F6D68D61-0F43-4D5C-A538-A5FFD027DD32}
		{82E2E86D-E877-4FBF-A18E-52BE4A5265F0} = {82E2E86D-E877-4FBF-A18E-52BE4A5265F0}
		{1A38F873-F261-4ADC-B626-E68A3C45CC14} = {1A38F873-F261-4ADC-B626-E68A3C45CC14}
		{5DBDC376-1467-49F0-AD1E-5DED10DD49A3} = {5DBDC376-1467-49F0-AD1E-5DED10DD49A3}
		{5B100D7D-6E22-45AE-9DAD-B4999EEAA7C9} = {5B100D7D-6E22-45AE-9DAD-B4999EEAA7C9}
		{CF681B7E-31FD-484A-BCC5-6AC2BF40BB5D} = {CF681B7E-31FD-484A-BCC5-6AC2BF40BB5D}
		{A3B9B483-9FC8-42F9-8F4B-45D7FE237F64} = {A3B9B483-9FC8-42F9-8F4B-45D7FE237F64}
		{BCC3368D-2DD7-4247-A224-EEB6F7D6BDA9} = {BCC3368D-2DD7-4247-A224-EEB6F7D6BDA9}
		{6873D38F-D769-4DFE-BD3D-04CA4965288F} = {6873D38F-D769-4DFE-BD3D-04CA4965288F}
		{05D6FFA0-5716-49A4-B35E-12954C7EB456} = {05D6FFA0-5716-49A4-B35E-12954C7EB456}
		{F5ACF4B5-1BCE-4833-9CB0-66B94515CBB9} = {F5ACF4B5-1BCE-4833-9CB0-66B94515CBB9}
		{45BA6ACA-7721-4EA2-A332-7F274F9DFF75} = {45BA6ACA-7721-4EA2-A332-7F274F9DFF75}
		{AB2B77CC-778D-4A41-80DE-4889572839D9} = {AB2B77CC-778D-4A41-80DE-4889572839D9}
		{438CF6D5-2C72-4989-B587-E8A3F4A671D6} = {438CF6D5-2C72-4989-B587-E8A3F4A671D6}
		{FE8BBFDA-E618-4932-91B5-337B716814D7} = {FE8BBFDA-E618-4932-91B5-337B716814D7}
		{2041A3DC-ECAA-40A6-A7D7-D4FE8C29E897} = {2041A3DC-ECAA-40A6-A7D7-D4FE8C29E897}
		{BD6E90E8-6E77-4FC5-8F14-2D3FD5F04F09} = {BD6E90E8-6E77-4FC5-8F14-2D3FD5F04F09}
		{126DC2FA-921C-449C-AEB6-A83E8E0068E5} = {126DC2FA-921C-449C-AEB6-A83E8E0068E5}
		{304505FF-4A2A-471E-B163-17446985C98E} = {304505FF-4A2A-471E-B163-17446985C98E}
	EndProjectSection
EndProject
Global
	GlobalSection(SolutionConfigurationPlatforms) = preSolution
		Debug|Win32 = Debug|Win32
		Debug|x64 = Debug|x64
		Release|Win32 = Release|Win32
		Release|x64 = Release|x64
	EndGlobalSection
	GlobalSection(ProjectConfigurationPlatforms) = postSolution
		{1DFA6F10-741F-44BA-84D8-10D4F7E279E4}.Debug|Win32.ActiveCfg = Debug|x64
		{1DFA6F10-741F-44BA-84D8-10D4F7E279E4}.Debug|x64.ActiveCfg = Debug|x64
		{1DFA6F10-741F-44BA-84D8-10D4F7E279E4}.Debug|x64.Build.0 = Debug|x64
		{1DFA6F10-741F-44BA-84D8-10D4F7E279E4}.Release|Win32.ActiveCfg = Release|x64
		{1DFA6F10-741F-44BA-84D8-10D4F7E279E4}.Release|x64.ActiveCfg = Release|x64
		{1DFA6F10-741F-44BA-84D8-10D4F7E279E4}.Release|x64.Build.0 = Release|x64
		{126DC2FA-921C-449C-AEB6-A83E8E0068E5}.Debug|Win32.ActiveCfg = Debug|x64
		{126DC2FA-921C-449C-AEB6-A83E8E0068E5}.Debug|x64.ActiveCfg = Debug|x64
		{126DC2FA-921C-449C-AEB6-A83E8E0068E5}.Debug|x64.Build.0 = Debug|x64
		{126DC2FA-921C-449C-AEB6-A83E8E0068E5}.Release|Win32.ActiveCfg = Release|x64
		{126DC2FA-921C-449C-AEB6-A83E8E0068E5}.Release|x64.ActiveCfg = Release|x64
		{126DC2FA-921C-449C-AEB6-A83E8E0068E5}.Release|x64.Build.0 = Release|x64
		{F6D68D61-0F43-4D5C-A538-A5FFD027DD32}.Debug|Win32.ActiveCfg = Debug|x64
		{F6D68D61-0F43-4D5C-A538-A5FFD027DD32}.Debug|x64.ActiveCfg = Debug|x64
		{F6D68D61-0F43-4D5C-A538-A5FFD027DD32}.Debug|x64.Build.0 = Debug|x64
		{F6D68D61-0F43-4D5C-A538-A5FFD027DD32}.Release|Win32.ActiveCfg = Release|x64
		{F6D68D61-0F43-4D5C-A538-A5FFD027DD32}.Release|x64.ActiveCfg = Release|x64
		{F6D68D61-0F43-4D5C-A538-A5FFD027DD32}.Release|x64.Build.0 = Release|x64
		{A3B9B483-9FC8-42F9-8F4B-45D7FE237F64}.Debug|Win32.ActiveCfg = Debug|x64
		{A3B9B483-9FC8-42F9-8F4B-45D7FE237F64}.Debug|x64.ActiveCfg = Debug|x64
		{A3B9B483-9FC8-42F9-8F4B-45D7FE237F64}.Debug|x64.Build.0 = Debug|x64
		{A3B9B483-9FC8-42F9-8F4B-45D7FE237F64}.Release|Win32.ActiveCfg = Release|x64
		{A3B9B483-9FC8-42F9-8F4B-45D7FE237F64}.Release|x64.ActiveCfg = Release|x64
		{A3B9B483-9FC8-42F9-8F4B-45D7FE237F64}.Release|x64.Build.0 = Release|x64
		{B270E83A-0ACD-44EA-9100-B17BE2D1F71D}.Debug|Win32.ActiveCfg = Debug|x64
		{B270E83A-0ACD-44EA-9100-B17BE2D1F71D}.Debug|x64.ActiveCfg = Debug|x64
		{B270E83A-0ACD-44EA-9100-B17BE2D1F71D}.Debug|x64.Build.0 = Debug|x64
		{B270E83A-0ACD-44EA-9100-B17BE2D1F71D}.Release|Win32.ActiveCfg = Release|x64
		{B270E83A-0ACD-44EA-9100-B17BE2D1F71D}.Release|x64.ActiveCfg = Release|x64
		{B270E83A-0ACD-44EA-9100-B17BE2D1F71D}.Release|x64.Build.0 = Release|x64
		{2041A3DC-ECAA-40A6-A7D7-D4FE8C29E897}.Debug|Win32.ActiveCfg = Debug|x64
		{2041A3DC-ECAA-40A6-A7D7-D4FE8C29E897}.Debug|x64.ActiveCfg = Debug|x64
		{2041A3DC-ECAA-40A6-A7D7-D4FE8C29E897}.Debug|x64.Build.0 = Debug|x64
		{2041A3DC-ECAA-40A6-A7D7-D4FE8C29E897}.Release|Win32.ActiveCfg = Release|x64
		{2041A3DC-ECAA-40A6-A7D7-D4FE8C29E897}.Release|x64.ActiveCfg = Release|x64
		{2041A3DC-ECAA-40A6-A7D7-D4FE8C29E897}.Release|x64.Build.0 = Release|x64
		{C0936C56-B785-4CEC-BC21-CB0DF441A2E2}.Debug|Win32.ActiveCfg = Debug|x64
		{C0936C56-B785-4CEC-BC21-CB0DF441A2E2}.Debug|x64.ActiveCfg = Debug|x64
		{C0936C56-B785-4CEC-BC21-CB0DF441A2E2}.Debug|x64.Build.0 = Debug|x64
		{C0936C56-B785-4CEC-BC21-CB0DF441A2E2}.Release|Win32.ActiveCfg = Release|x64
		{C0936C56-B785-4CEC-BC21-CB0DF441A2E2}.Release|x64.ActiveCfg = Release|x64
		{C0936C56-B785-4CEC-BC21-CB0DF441A2E2}.Release|x64.Build.0 = Release|x64
		{19069C53-1F89-4C9A-928B-EC0E201D4C61}.Debug|Win32.ActiveCfg = Debug|x64
		{19069C53-1F89-4C9A-928B-EC0E201D4C61}.Debug|x64.ActiveCfg = Debug|x64
		{19069C53-1F89-4C9A-928B-EC0E201D4C61}.Debug|x64.Build.0 = Debug|x64
		{19069C53-1F89-4C9A-928B-EC0E201D4C61}.Release|Win32.ActiveCfg = Release|x64
		{19069C53-1F89-4C9A-928B-EC0E201D4C61}.Release|x64.ActiveCfg = Release|x64
		{19069C53-1F89-4C9A-928B-EC0E201D4C61}.Release|x64.Build.0 = Release|x64
		{7F96CB58-E393-4752-953C-EE1671318C5C}.Debug|Win32.ActiveCfg = Debug|x64
		{7F96CB58-E393-4752-953C-EE1671318C5C}.Debug|x64.ActiveCfg = Debug|x64
		{7F96CB58-E393-4752-953C-EE1671318C5C}.Debug|x64.Build.0 = Debug|x64
		{7F96CB58-E393-4752-953C-EE1671318C5C}.Release|Win32.ActiveCfg = Release|x64
		{7F96CB58-E393-4752-953C-EE1671318C5C}.Release|x64.ActiveCfg = Release|x64
		{7F96CB58-E393-4752-953C-EE1671318C5C}.Release|x64.Build.0 = Release|x64
		{82E2E86D-E877-4FBF-A18E-52BE4A5265F0}.Debug|Win32.ActiveCfg = Debug|x64
		{82E2E86D-E877-4FBF-A18E-52BE4A5265F0}.Debug|x64.ActiveCfg = Debug|x64
		{82E2E86D-E877-4FBF-A18E-52BE4A5265F0}.Debug|x64.Build.0 = Debug|x64
		{82E2E86D-E877-4FBF-A18E-52BE4A5265F0}.Release|Win32.ActiveCfg = Release|x64
		{82E2E86D-E877-4FBF-A18E-52BE4A5265F0}.Release|x64.ActiveCfg = Release|x64
		{82E2E86D-E877-4FBF-A18E-52BE4A5265F0}.Release|x64.Build.0 = Release|x64
		{E3C6392E-9633-4187-8604-E1BAD49FE803}.Debug|Win32.ActiveCfg = Debug|x64
		{E3C6392E-9633-4187-8604-E1BAD49FE803}.Debug|x64.ActiveCfg = Debug|x64
		{E3C6392E-9633-4187-8604-E1BAD49FE803}.Debug|x64.Build.0 = Debug|x64
		{E3C6392E-9633-4187-8604-E1BAD49FE803}.Release|Win32.ActiveCfg = Release|x64
		{E3C6392E-9633-4187-8604-E1BAD49FE803}.Release|x64.ActiveCfg = Release|x64
		{E3C6392E-9633-4187-8604-E1BAD49FE803}.Release|x64.Build.0 = Release|x64
		{63CB1521-8C47-4D6A-A694-BCF1EDB5E2A8}.Debug|Win32.ActiveCfg = Debug|x64
		{63CB1521-8C47-4D6A-A694-BCF1EDB5E2A8}.Debug|x64.ActiveCfg = Debug|x64
		{63CB1521-8C47-4D6A-A694-BCF1EDB5E2A8}.Debug|x64.Build.0 = Debug|x64
		{63CB1521-8C47-4D6A-A694-BCF1EDB5E2A8}.Release|Win32.ActiveCfg = Release|x64
		{63CB1521-8C47-4D6A-A694-BCF1EDB5E2A8}.Release|x64.ActiveCfg = Release|x64
		{63CB1521-8C47-4D6A-A694-BCF1EDB5E2A8}.Release|x64.Build.0 = Release|x64
		{8F2ACB24-613C-419D-9A89-CD67ED62AA49}.Debug|Win32.ActiveCfg = Debug|x64
		{8F2ACB24-613C-419D-9A89-CD67ED62AA49}.Debug|x64.ActiveCfg = Debug|x64
		{8F2ACB24-613C-419D-9A89-CD67ED62AA49}.Debug|x64.Build.0 = Debug|x64
		{8F2ACB24-613C-419D-9A89-CD67ED62AA49}.Release|Win32.ActiveCfg = Release|x64
		{8F2ACB24-613C-419D-9A89-CD67ED62AA49}.Release|x64.ActiveCfg = Release|x64
		{8F2ACB24-613C-419D-9A89-CD67ED62AA49}.Release|x64.Build.0 = Release|x64
		{CF681B7E-31FD-484A-BCC5-6AC2BF40BB5D}.Debug|Win32.ActiveCfg = Debug|x64
		{CF681B7E-31FD-484A-BCC5-6AC2BF40BB5D}.Debug|x64.ActiveCfg = Debug|x64
		{CF681B7E-31FD-484A-BCC5-6AC2BF40BB5D}.Debug|x64.Build.0 = Debug|x64
		{CF681B7E-31FD-484A-BCC5-6AC2BF40BB5D}.Release|Win32.ActiveCfg = Release|x64
		{CF681B7E-31FD-484A-BCC5-6AC2BF40BB5D}.Release|x64.ActiveCfg = Release|x64
		{CF681B7E-31FD-484A-BCC5-6AC2BF40BB5D}.Release|x64.Build.0 = Release|x64
		{BCC3368D-2DD7-4247-A224-EEB6F7D6BDA9}.Debug|Win32.ActiveCfg = Debug|x64
		{BCC3368D-2DD7-4247-A224-EEB6F7D6BDA9}.Debug|x64.ActiveCfg = Debug|x64
		{BCC3368D-2DD7-4247-A224-EEB6F7D6BDA9}.Debug|x64.Build.0 = Debug|x64
		{BCC3368D-2DD7-4247-A224-EEB6F7D6BDA9}.Release|Win32.ActiveCfg = Release|x64
		{BCC3368D-2DD7-4247-A224-EEB6F7D6BDA9}.Release|x64.ActiveCfg = Release|x64
		{BCC3368D-2DD7-4247-A224-EEB6F7D6BDA9}.Release|x64.Build.0 = Release|x64
		{0C055A19-15A2-4317-A3CA-4DFC091610F1}.Debug|Win32.ActiveCfg = Debug|x64
		{0C055A19-15A2-4317-A3CA-4DFC091610F1}.Debug|x64.ActiveCfg = Debug|x64
		{0C055A19-15A2-4317-A3CA-4DFC091610F1}.Debug|x64.Build.0 = Debug|x64
		{0C055A19-15A2-4317-A3CA-4DFC091610F1}.Release|Win32.ActiveCfg = Release|x64
		{0C055A19-15A2-4317-A3CA-4DFC091610F1}.Release|x64.ActiveCfg = Release|x64
		{0C055A19-15A2-4317-A3CA-4DFC091610F1}.Release|x64.Build.0 = Release|x64
		{F5ACF4B5-1BCE-4833-9CB0-66B94515CBB9}.Debug|Win32.ActiveCfg = Debug|x64
		{F5ACF4B5-1BCE-4833-9CB0-66B94515CBB9}.Debug|x64.ActiveCfg = Debug|x64
		{F5ACF4B5-1BCE-4833-9CB0-66B94515CBB9}.Debug|x64.Build.0 = Debug|x64
		{F5ACF4B5-1BCE-4833-9CB0-66B94515CBB9}.Release|Win32.ActiveCfg = Release|x64
		{F5ACF4B5-1BCE-4833-9CB0-66B94515CBB9}.Release|x64.ActiveCfg = Release|x64
		{F5ACF4B5-1BCE-4833-9CB0-66B94515CBB9}.Release|x64.Build.0 = Release|x64
		{5B100D7D-6E22-45AE-9DAD-B4999EEAA7C9}.Debug|Win32.ActiveCfg = Debug|x64
		{5B100D7D-6E22-45AE-9DAD-B4999EEAA7C9}.Debug|x64.ActiveCfg = Debug|x64
		{5B100D7D-6E22-45AE-9DAD-B4999EEAA7C9}.Debug|x64.Build.0 = Debug|x64
		{5B100D7D-6E22-45AE-9DAD-B4999EEAA7C9}.Release|Win32.ActiveCfg = Release|x64
		{5B100D7D-6E22-45AE-9DAD-B4999EEAA7C9}.Release|x64.ActiveCfg = Release|x64
		{5B100D7D-6E22-45AE-9DAD-B4999EEAA7C9}.Release|x64.Build.0 = Release|x64
		{05D6FFA0-5716-49A4-B35E-12954C7EB456}.Debug|Win32.ActiveCfg = Debug|x64
		{05D6FFA0-5716-49A4-B35E-12954C7EB456}.Debug|x64.ActiveCfg = Debug|x64
		{05D6FFA0-5716-49A4-B35E-12954C7EB456}.Debug|x64.Build.0 = Debug|x64
		{05D6FFA0-5716-49A4-B35E-12954C7EB456}.Release|Win32.ActiveCfg = Release|x64
		{05D6FFA0-5716-49A4-B35E-12954C7EB456}.Release|x64.ActiveCfg = Release|x64
		{05D6FFA0-5716-49A4-B35E-12954C7EB456}.Release|x64.Build.0 = Release|x64
		{C9D37F32-C048-439E-B35A-E4486663B4CA}.Debug|Win32.ActiveCfg = Debug|x64
		{C9D37F32-C048-439E-B35A-E4486663B4CA}.Debug|x64.ActiveCfg = Debug|x64
		{C9D37F32-C048-439E-B35A-E4486663B4CA}.Debug|x64.Build.0 = Debug|x64
		{C9D37F32-C048-439E-B35A-E4486663B4CA}.Release|Win32.ActiveCfg = Release|x64
		{C9D37F32-C048-439E-B35A-E4486663B4CA}.Release|x64.ActiveCfg = Release|x64
		{C9D37F32-C048-439E-B35A-E4486663B4CA}.Release|x64.Build.0 = Release|x64
		{22DFA817-254D-4265-9D10-2793016489A5}.Debug|Win32.ActiveCfg = Debug|x64
		{22DFA817-254D-4265-9D10-2793016489A5}.Debug|x64.ActiveCfg = Debug|x64
		{22DFA817-254D-4265-9D10-2793016489A5}.Debug|x64.Build.0 = Debug|x64
		{22DFA817-254D-4265-9D10-2793016489A5}.Release|Win32.ActiveCfg = Release|x64
		{22DFA817-254D-4265-9D10-2793016489A5}.Release|x64.ActiveCfg = Release|x64
		{22DFA817-254D-4265-9D10-2793016489A5}.Release|x64.Build.0 = Release|x64
		{3BDF1259-415F-465B-AC95-028A26032397}.Debug|Win32.ActiveCfg = Debug|x64
		{3BDF1259-415F-465B-AC95-028A26032397}.Debug|x64.ActiveCfg = Debug|x64
		{3BDF1259-415F-465B-AC95-028A26032397}.Debug|x64.Build.0 = Debug|x64
		{3BDF1259-415F-465B-AC95-028A26032397}.Release|Win32.ActiveCfg = Release|x64
		{3BDF1259-415F-465B-AC95-028A26032397}.Release|x64.ActiveCfg = Release|x64
		{3BDF1259-415F-465B-AC95-028A26032397}.Release|x64.Build.0 = Release|x64
		{E322BD0F-DC71-462F-824E-B7A605F227A4}.Debug|Win32.ActiveCfg = Debug|x64
		{E322BD0F-DC71-462F-824E-B7A605F227A4}.Debug|x64.ActiveCfg = Debug|x64
		{E322BD0F-DC71-462F-824E-B7A605F227A4}.Debug|x64.Build.0 = Debug|x64
		{E322BD0F-DC71-462F-824E-B7A605F227A4}.Release|Win32.ActiveCfg = Release|x64
		{E322BD0F-DC71-462F-824E-B7A605F227A4}.Release|x64.ActiveCfg = Release|x64
		{E322BD0F-DC71-462F-824E-B7A605F227A4}.Release|x64.Build.0 = Release|x64
		{AB2B77CC-778D-4A41-80DE-4889572839D9}.Debug|Win32.ActiveCfg = Debug|x64
		{AB2B77CC-778D-4A41-80DE-4889572839D9}.Debug|x64.ActiveCfg = Debug|x64
		{AB2B77CC-778D-4A41-80DE-4889572839D9}.Debug|x64.Build.0 = Debug|x64
		{AB2B77CC-778D-4A41-80DE-4889572839D9}.Release|Win32.ActiveCfg = Release|x64
		{AB2B77CC-778D-4A41-80DE-4889572839D9}.Release|x64.ActiveCfg = Release|x64
		{AB2B77CC-778D-4A41-80DE-4889572839D9}.Release|x64.Build.0 = Release|x64
		{45BA6ACA-7721-4EA2-A332-7F274F9DFF75}.Debug|Win32.ActiveCfg = Debug|x64
		{45BA6ACA-7721-4EA2-A332-7F274F9DFF75}.Debug|x64.ActiveCfg = Debug|x64
		{45BA6ACA-7721-4EA2-A332-7F274F9DFF75}.Debug|x64.Build.0 = Debug|x64
		{45BA6ACA-7721-4EA2-A332-7F274F9DFF75}.Release|Win32.ActiveCfg = Release|x64
		{45BA6ACA-7721-4EA2-A332-7F274F9DFF75}.Release|x64.ActiveCfg = Release|x64
		{45BA6ACA-7721-4EA2-A332-7F274F9DFF75}.Release|x64.Build.0 = Release|x64
		{D7517C03-27F1-4441-9A2F-A70D6524EA87}.Debug|Win32.ActiveCfg = Debug|x64
		{D7517C03-27F1-4441-9A2F-A70D6524EA87}.Debug|x64.ActiveCfg = Debug|x64
		{D7517C03-27F1-4441-9A2F-A70D6524EA87}.Debug|x64.Build.0 = Debug|x64
		{D7517C03-27F1-4441-9A2F-A70D6524EA87}.Release|Win32.ActiveCfg = Release|x64
		{D7517C03-27F1-4441-9A2F-A70D6524EA87}.Release|x64.ActiveCfg = Release|x64
		{D7517C03-27F1-4441-9A2F-A70D6524EA87}.Release|x64.Build.0 = Release|x64
		{71DCB754-088D-4AC7-8E17-06EDA843613A}.Debug|Win32.ActiveCfg = Debug|x64
		{71DCB754-088D-4AC7-8E17-06EDA843613A}.Debug|x64.ActiveCfg = Debug|x64
		{71DCB754-088D-4AC7-8E17-06EDA843613A}.Debug|x64.Build.0 = Debug|x64
		{71DCB754-088D-4AC7-8E17-06EDA843613A}.Release|Win32.ActiveCfg = Release|x64
		{71DCB754-088D-4AC7-8E17-06EDA843613A}.Release|x64.ActiveCfg = Release|x64
		{71DCB754-088D-4AC7-8E17-06EDA843613A}.Release|x64.Build.0 = Release|x64
		{BD6E90E8-6E77-4FC5-8F14-2D3FD5F04F09}.Debug|Win32.ActiveCfg = Debug|x64
		{BD6E90E8-6E77-4FC5-8F14-2D3FD5F04F09}.Debug|x64.ActiveCfg = Debug|x64
		{BD6E90E8-6E77-4FC5-8F14-2D3FD5F04F09}.Debug|x64.Build.0 = Debug|x64
		{BD6E90E8-6E77-4FC5-8F14-2D3FD5F04F09}.Release|Win32.ActiveCfg = Release|x64
		{BD6E90E8-6E77-4FC5-8F14-2D3FD5F04F09}.Release|x64.ActiveCfg = Release|x64
		{BD6E90E8-6E77-4FC5-8F14-2D3FD5F04F09}.Release|x64.Build.0 = Release|x64
		{1A38F873-F261-4ADC-B626-E68A3C45CC14}.Debug|Win32.ActiveCfg = Debug|x64
		{1A38F873-F261-4ADC-B626-E68A3C45CC14}.Debug|x64.ActiveCfg = Debug|x64
		{1A38F873-F261-4ADC-B626-E68A3C45CC14}.Debug|x64.Build.0 = Debug|x64
		{1A38F873-F261-4ADC-B626-E68A3C45CC14}.Release|Win32.ActiveCfg = Release|x64
		{1A38F873-F261-4ADC-B626-E68A3C45CC14}.Release|x64.ActiveCfg = Release|x64
		{1A38F873-F261-4ADC-B626-E68A3C45CC14}.Release|x64.Build.0 = Release|x64
		{438CF6D5-2C72-4989-B587-E8A3F4A671D6}.Debug|Win32.ActiveCfg = Debug|x64
		{438CF6D5-2C72-4989-B587-E8A3F4A671D6}.Debug|x64.ActiveCfg = Debug|x64
		{438CF6D5-2C72-4989-B587-E8A3F4A671D6}.Debug|x64.Build.0 = Debug|x64
		{438CF6D5-2C72-4989-B587-E8A3F4A671D6}.Release|Win32.ActiveCfg = Release|x64
		{438CF6D5-2C72-4989-B587-E8A3F4A671D6}.Release|x64.ActiveCfg = Release|x64
		{438CF6D5-2C72-4989-B587-E8A3F4A671D6}.Release|x64.Build.0 = Release|x64
		{FE8BBFDA-E618-4932-91B5-337B716814D7}.Debug|Win32.ActiveCfg = Debug|x64
		{FE8BBFDA-E618-4932-91B5-337B716814D7}.Debug|x64.ActiveCfg = Debug|x64
		{FE8BBFDA-E618-4932-91B5-337B716814D7}.Debug|x64.Build.0 = Debug|x64
		{FE8BBFDA-E618-4932-91B5-337B716814D7}.Release|Win32.ActiveCfg = Release|x64
		{FE8BBFDA-E618-4932-91B5-337B716814D7}.Release|x64.ActiveCfg = Release|x64
		{FE8BBFDA-E618-4932-91B5-337B716814D7}.Release|x64.Build.0 = Release|x64
		{6873D38F-D769-4DFE-BD3D-04CA4965288F}.Debug|Win32.ActiveCfg = Debug|x64
		{6873D38F-D769-4DFE-BD3D-04CA4965288F}.Debug|x64.ActiveCfg = Debug|x64
		{6873D38F-D769-4DFE-BD3D-04CA4965288F}.Debug|x64.Build.0 = Debug|x64
		{6873D38F-D769-4DFE-BD3D-04CA4965288F}.Release|Win32.ActiveCfg = Release|x64
		{6873D38F-D769-4DFE-BD3D-04CA4965288F}.Release|x64.ActiveCfg = Release|x64
		{6873D38F-D769-4DFE-BD3D-04CA4965288F}.Release|x64.Build.0 = Release|x64
		{E80B1A3C-E670-4304-A303-D40C1A08A588}.Debug|Win32.ActiveCfg = Debug|x64
		{E80B1A3C-E670-4304-A303-D40C1A08A588}.Debug|x64.ActiveCfg = Debug|x64
		{E80B1A3C-E670-4304-A303-D40C1A08A588}.Debug|x64.Build.0 = Debug|x64
		{E80B1A3C-E670-4304-A303-D40C1A08A588}.Release|Win32.ActiveCfg = Release|x64
		{E80B1A3C-E670-4304-A303-D40C1A08A588}.Release|x64.ActiveCfg = Release|x64
		{E80B1A3C-E670-4304-A303-D40C1A08A588}.Release|x64.Build.0 = Release|x64
		{9349D72D-90CA-47AE-B78C-536255FF5C43}.Debug|Win32.ActiveCfg = Debug|x64
		{9349D72D-90CA-47AE-B78C-536255FF5C43}.Debug|x64.ActiveCfg = Debug|x64
		{9349D72D-90CA-47AE-B78C-536255FF5C43}.Debug|x64.Build.0 = Debug|x64
		{9349D72D-90CA-47AE-B78C-536255FF5C43}.Release|Win32.ActiveCfg = Release|x64
		{9349D72D-90CA-47AE-B78C-536255FF5C43}.Release|x64.ActiveCfg = Release|x64
		{9349D72D-90CA-47AE-B78C-536255FF5C43}.Release|x64.Build.0 = Release|x64
		{DFA1F951-5AEF-4B46-A1D6-56E24FE7D0F9}.Debug|Win32.ActiveCfg = Debug|x64
		{DFA1F951-5AEF-4B46-A1D6-56E24FE7D0F9}.Debug|x64.ActiveCfg = Debug|x64
		{DFA1F951-5AEF-4B46-A1D6-56E24FE7D0F9}.Debug|x64.Build.0 = Debug|x64
		{DFA1F951-5AEF-4B46-A1D6-56E24FE7D0F9}.Release|Win32.ActiveCfg = Release|x64
		{DFA1F951-5AEF-4B46-A1D6-56E24FE7D0F9}.Release|x64.ActiveCfg = Release|x64
		{DFA1F951-5AEF-4B46-A1D6-56E24FE7D0F9}.Release|x64.Build.0 = Release|x64
		{F8EC50AB-CC34-4339-8906-C49E1E9D947E}.Debug|Win32.ActiveCfg = Debug|x64
		{F8EC50AB-CC34-4339-8906-C49E1E9D947E}.Debug|x64.ActiveCfg = Debug|x64
		{F8EC50AB-CC34-4339-8906-C49E1E9D947E}.Debug|x64.Build.0 = Debug|x64
		{F8EC50AB-CC34-4339-8906-C49E1E9D947E}.Release|Win32.ActiveCfg = Release|x64
		{F8EC50AB-CC34-4339-8906-C49E1E9D947E}.Release|x64.ActiveCfg = Release|x64
		{F8EC50AB-CC34-4339-8906-C49E1E9D947E}.Release|x64.Build.0 = Release|x64
		{2E156479-F62D-4268-999A-72962BAC01FB}.Debug|Win32.ActiveCfg = Debug|x64
		{2E156479-F62D-4268-999A-72962BAC01FB}.Debug|x64.ActiveCfg = Debug|x64
		{2E156479-F62D-4268-999A-72962BAC01FB}.Debug|x64.Build.0 = Debug|x64
		{2E156479-F62D-4268-999A-72962BAC01FB}.Release|Win32.ActiveCfg = Release|x64
		{2E156479-F62D-4268-999A-72962BAC01FB}.Release|x64.ActiveCfg = Release|x64
		{2E156479-F62D-4268-999A-72962BAC01FB}.Release|x64.Build.0 = Release|x64
		{304505FF-4A2A-471E-B163-17446985C98E}.Debug|Win32.ActiveCfg = Debug|x64
		{304505FF-4A2A-471E-B163-17446985C98E}.Debug|x64.ActiveCfg = Debug|x64
		{304505FF-4A2A-471E-B163-17446985C98E}.Debug|x64.Build.0 = Debug|x64
		{304505FF-4A2A-471E-B163-17446985C98E}.Release|Win32.ActiveCfg = Release|x64
		{304505FF-4A2A-471E-B163-17446985C98E}.Release|x64.ActiveCfg = Release|x64
		{304505FF-4A2A-471E-B163-17446985C98E}.Release|x64.Build.0 = Release|x64
		{5DBDC376-1467-49F0-AD1E-5DED10DD49A3}.Debug|Win32.ActiveCfg = Debug|x64
		{5DBDC376-1467-49F0-AD1E-5DED10DD49A3}.Debug|x64.ActiveCfg = Debug|x64
		{5DBDC376-1467-49F0-AD1E-5DED10DD49A3}.Debug|x64.Build.0 = Debug|x64
		{5DBDC376-1467-49F0-AD1E-5DED10DD49A3}.Release|Win32.ActiveCfg = Release|x64
		{5DBDC376-1467-49F0-AD1E-5DED10DD49A3}.Release|x64.ActiveCfg = Release|x64
		{5DBDC376-1467-49F0-AD1E-5DED10DD49A3}.Release|x64.Build.0 = Release|x64
		{B10DDF0C-D4CA-4533-9D6C-B9476DE956BF}.Debug|Win32.ActiveCfg = Debug|Win32
		{B10DDF0C-D4CA-4533-9D6C-B9476DE956BF}.Debug|Win32.Build.0 = Debug|Win32
		{B10DDF0C-D4CA-4533-9D6C-B9476DE956BF}.Debug|x64.ActiveCfg = Debug|x64
		{B10DDF0C-D4CA-4533-9D6C-B9476DE956BF}.Debug|x64.Build.0 = Debug|x64
		{B10DDF0C-D4CA-4533-9D6C-B9476DE956BF}.Release|Win32.ActiveCfg = Release|Win32
		{B10DDF0C-D4CA-4533-9D6C-B9476DE956BF}.Release|Win32.Build.0 = Release|Win32
		{B10DDF0C-D4CA-4533-9D6C-B9476DE956BF}.Release|x64.ActiveCfg = Release|x64
		{B10DDF0C-D4CA-4533-9D6C-B9476DE956BF}.Release|x64.Build.0 = Release|x64
	EndGlobalSection
	GlobalSection(SolutionProperties) = preSolution
		HideSolutionNode = FALSE
	EndGlobalSection
	GlobalSection(NestedProjects) = preSolution
		{1DFA6F10-741F-44BA-84D8-10D4F7E279E4} = {29FB9E21-B88C-4A7C-B00E-7F3958CF7EF9}
		{126DC2FA-921C-449C-AEB6-A83E8E0068E5} = {29FB9E21-B88C-4A7C-B00E-7F3958CF7EF9}
		{F6D68D61-0F43-4D5C-A538-A5FFD027DD32} = {29FB9E21-B88C-4A7C-B00E-7F3958CF7EF9}
		{A3B9B483-9FC8-42F9-8F4B-45D7FE237F64} = {29FB9E21-B88C-4A7C-B00E-7F3958CF7EF9}
		{B270E83A-0ACD-44EA-9100-B17BE2D1F71D} = {29FB9E21-B88C-4A7C-B00E-7F3958CF7EF9}
		{2041A3DC-ECAA-40A6-A7D7-D4FE8C29E897} = {29FB9E21-B88C-4A7C-B00E-7F3958CF7EF9}
		{C0936C56-B785-4CEC-BC21-CB0DF441A2E2} = {29FB9E21-B88C-4A7C-B00E-7F3958CF7EF9}
		{19069C53-1F89-4C9A-928B-EC0E201D4C61} = {29FB9E21-B88C-4A7C-B00E-7F3958CF7EF9}
		{7F96CB58-E393-4752-953C-EE1671318C5C} = {29FB9E21-B88C-4A7C-B00E-7F3958CF7EF9}
		{82E2E86D-E877-4FBF-A18E-52BE4A5265F0} = {29FB9E21-B88C-4A7C-B00E-7F3958CF7EF9}
		{E3C6392E-9633-4187-8604-E1BAD49FE803} = {29FB9E21-B88C-4A7C-B00E-7F3958CF7EF9}
		{63CB1521-8C47-4D6A-A694-BCF1EDB5E2A8} = {29FB9E21-B88C-4A7C-B00E-7F3958CF7EF9}
		{8F2ACB24-613C-419D-9A89-CD67ED62AA49} = {29FB9E21-B88C-4A7C-B00E-7F3958CF7EF9}
		{CF681B7E-31FD-484A-BCC5-6AC2BF40BB5D} = {29FB9E21-B88C-4A7C-B00E-7F3958CF7EF9}
		{BCC3368D-2DD7-4247-A224-EEB6F7D6BDA9} = {29FB9E21-B88C-4A7C-B00E-7F3958CF7EF9}
		{0C055A19-15A2-4317-A3CA-4DFC091610F1} = {29FB9E21-B88C-4A7C-B00E-7F3958CF7EF9}
		{F5ACF4B5-1BCE-4833-9CB0-66B94515CBB9} = {29FB9E21-B88C-4A7C-B00E-7F3958CF7EF9}
		{5B100D7D-6E22-45AE-9DAD-B4999EEAA7C9} = {29FB9E21-B88C-4A7C-B00E-7F3958CF7EF9}
		{05D6FFA0-5716-49A4-B35E-12954C7EB456} = {29FB9E21-B88C-4A7C-B00E-7F3958CF7EF9}
		{C9D37F32-C048-439E-B35A-E4486663B4CA} = {29FB9E21-B88C-4A7C-B00E-7F3958CF7EF9}
		{22DFA817-254D-4265-9D10-2793016489A5} = {29FB9E21-B88C-4A7C-B00E-7F3958CF7EF9}
		{3BDF1259-415F-465B-AC95-028A26032397} = {29FB9E21-B88C-4A7C-B00E-7F3958CF7EF9}
		{E322BD0F-DC71-462F-824E-B7A605F227A4} = {29FB9E21-B88C-4A7C-B00E-7F3958CF7EF9}
		{AB2B77CC-778D-4A41-80DE-4889572839D9} = {29FB9E21-B88C-4A7C-B00E-7F3958CF7EF9}
		{45BA6ACA-7721-4EA2-A332-7F274F9DFF75} = {29FB9E21-B88C-4A7C-B00E-7F3958CF7EF9}
		{D7517C03-27F1-4441-9A2F-A70D6524EA87} = {29FB9E21-B88C-4A7C-B00E-7F3958CF7EF9}
		{71DCB754-088D-4AC7-8E17-06EDA843613A} = {29FB9E21-B88C-4A7C-B00E-7F3958CF7EF9}
		{BD6E90E8-6E77-4FC5-8F14-2D3FD5F04F09} = {29FB9E21-B88C-4A7C-B00E-7F3958CF7EF9}
		{1A38F873-F261-4ADC-B626-E68A3C45CC14} = {29FB9E21-B88C-4A7C-B00E-7F3958CF7EF9}
		{438CF6D5-2C72-4989-B587-E8A3F4A671D6} = {29FB9E21-B88C-4A7C-B00E-7F3958CF7EF9}
		{FE8BBFDA-E618-4932-91B5-337B716814D7} = {29FB9E21-B88C-4A7C-B00E-7F3958CF7EF9}
		{6873D38F-D769-4DFE-BD3D-04CA4965288F} = {29FB9E21-B88C-4A7C-B00E-7F3958CF7EF9}
		{E80B1A3C-E670-4304-A303-D40C1A08A588} = {29FB9E21-B88C-4A7C-B00E-7F3958CF7EF9}
		{9349D72D-90CA-47AE-B78C-536255FF5C43} = {29FB9E21-B88C-4A7C-B00E-7F3958CF7EF9}
		{DFA1F951-5AEF-4B46-A1D6-56E24FE7D0F9} = {29FB9E21-B88C-4A7C-B00E-7F3958CF7EF9}
		{F8EC50AB-CC34-4339-8906-C49E1E9D947E} = {828AB043-5364-4162-A9DA-139A03A2B7D3}
		{2E156479-F62D-4268-999A-72962BAC01FB} = {828AB043-5364-4162-A9DA-139A03A2B7D3}
		{304505FF-4A2A-471E-B163-17446985C98E} = {29FB9E21-B88C-4A7C-B00E-7F3958CF7EF9}
		{5DBDC376-1467-49F0-AD1E-5DED10DD49A3} = {29FB9E21-B88C-4A7C-B00E-7F3958CF7EF9}
		{B10DDF0C-D4CA-4533-9D6C-B9476DE956BF} = {828AB043-5364-4162-A9DA-139A03A2B7D3}
	EndGlobalSection
EndGlobal
