<?xml version="1.0" encoding="utf-8"?>
<Project ToolsVersion="4.0" xmlns="http://schemas.microsoft.com/developer/msbuild/2003">
  <ItemGroup>
    <Filter Include="Source Files">
      <UniqueIdentifier>{4FC737F1-C7A5-4376-A066-2A32D752A2FF}</UniqueIdentifier>
      <Extensions>cpp;c;cc;cxx;def;odl;idl;hpj;bat;asm;asmx</Extensions>
    </Filter>
    <Filter Include="Header Files">
      <UniqueIdentifier>{93995380-89BD-4b04-88EB-625FBE52EBFB}</UniqueIdentifier>
      <Extensions>h;hpp;hxx;hm;inl;inc;xsd</Extensions>
    </Filter>
    <Filter Include="Resource Files">
      <UniqueIdentifier>{67DA6AB6-F800-4c08-8B7A-83BB121AAD01}</UniqueIdentifier>
      <Extensions>rc;ico;cur;bmp;dlg;rc2;rct;bin;rgs;gif;jpg;jpeg;jpe;resx;tiff;tif;png;wav;mfcribbon-ms</Extensions>
    </Filter>
  </ItemGroup>
  <ItemGroup>
    <None Include="ReadMe.txt" />
    <None Include="Makefile" />
  </ItemGroup>
  <ItemGroup>
    <ClCompile Include="homogeneousMooneyRivlinIsotropicMaterial.cpp">
      <Filter>Source Files</Filter>
    </ClCompile>
    <ClCompile Include="homogeneousNeoHookeanIsotropicMaterial.cpp">
      <Filter>Source Files</Filter>
    </ClCompile>
    <ClCompile Include="homogeneousStVKIsotropicMaterial.cpp">
      <Filter>Source Files</Filter>
    </ClCompile>
    <ClCompile Include="isotropicHyperelasticFEM.cpp">
      <Filter>Source Files</Filter>
    </ClCompile>
    <ClCompile Include="isotropicHyperelasticFEMMT.cpp">
      <Filter>Source Files</Filter>
    </ClCompile>
    <ClCompile Include="isotropicMaterial.cpp">
      <Filter>Source Files</Filter>
    </ClCompile>
    <ClCompile Include="isotropicMaterialWithCompressionResistance.cpp">
      <Filter>Source Files</Filter>
    </ClCompile>
    <ClCompile Include="MooneyRivlinIsotropicMaterial.cpp">
      <Filter>Source Files</Filter>
    </ClCompile>
    <ClCompile Include="neoHookeanIsotropicMaterial.cpp">
      <Filter>Source Files</Filter>
    </ClCompile>
    <ClCompile Include="StVKIsotropicMaterial.cpp">
      <Filter>Source Files</Filter>
    </ClCompile>
  </ItemGroup>
  <ItemGroup>
    <ClInclude Include="homogeneousMooneyRivlinIsotropicMaterial.h">
      <Filter>Header Files</Filter>
    </ClInclude>
    <ClInclude Include="homogeneousNeoHookeanIsotropicMaterial.h">
      <Filter>Header Files</Filter>
    </ClInclude>
    <ClInclude Include="homogeneousStVKIsotropicMaterial.h">
      <Filter>Header Files</Filter>
    </ClInclude>
    <ClInclude Include="isotropicHyperelasticFEM.h">
      <Filter>Header Files</Filter>
    </ClInclude>
    <ClInclude Include="isotropicHyperelasticFEMMT.h">
      <Filter>Header Files</Filter>
    </ClInclude>
    <ClInclude Include="isotropicMaterial.h">
      <Filter>Header Files</Filter>
    </ClInclude>
    <ClInclude Include="isotropicMaterialWithCompressionResistance.h">
      <Filter>Header Files</Filter>
    </ClInclude>
    <ClInclude Include="MooneyRivlinIsotropicMaterial.h">
      <Filter>Header Files</Filter>
    </ClInclude>
    <ClInclude Include="neoHookeanIsotropicMaterial.h">
      <Filter>Header Files</Filter>
    </ClInclude>
    <ClInclude Include="StVKIsotropicMaterial.h">
      <Filter>Header Files</Filter>
    </ClInclude>
  </ItemGroup>
  <ItemGroup>
    <Text Include="LICENSE.txt" />
  </ItemGroup>
  <ItemGroup>
    <Image Include="MooneyRivlin-Wikipedia.png">
      <Filter>Resource Files</Filter>
    </Image>
  </ItemGroup>
</Project>